{
  "name": "n4o-databases",
  "version": "0.0.1",
  "lockfileVersion": 3,
  "requires": true,
  "packages": {
    "": {
      "name": "n4o-databases",
      "version": "0.0.1",
      "license": "MIT",
      "dependencies": {
        "csv": "^6.3.6",
        "wikibase-sdk": "^9.2.4"
      }
    },
    "node_modules/csv": {
      "version": "6.3.6",
      "resolved": "https://registry.npmjs.org/csv/-/csv-6.3.6.tgz",
      "integrity": "sha512-jsEsX2HhGp7xiwrJu5srQavKsh+HUJcCi78Ar3m4jlmFKRoTkkMy7ZZPP+LnQChmaztW+uj44oyfMb59daAs/Q==",
      "dependencies": {
        "csv-generate": "^4.3.1",
        "csv-parse": "^5.5.3",
        "csv-stringify": "^6.4.5",
        "stream-transform": "^3.3.0"
      },
      "engines": {
        "node": ">= 0.1.90"
      }
    },
    "node_modules/csv-generate": {
      "version": "4.3.1",
      "resolved": "https://registry.npmjs.org/csv-generate/-/csv-generate-4.3.1.tgz",
      "integrity": "sha512-7YeeJq+44/I/O5N2sr2qBMcHZXhpfe38eh7DOFxyMtYO+Pir7kIfgFkW5MPksqKqqR6+/wX7UGoZm1Ot11151w=="
    },
    "node_modules/csv-parse": {
      "version": "5.5.3",
      "resolved": "https://registry.npmjs.org/csv-parse/-/csv-parse-5.5.3.tgz",
      "integrity": "sha512-v0KW6C0qlZzoGjk6u5tLmVfyZxNgPGXZsWTXshpAgKVGmGXzaVWGdlCFxNx5iuzcXT/oJN1HHM9DZKwtAtYa+A=="
    },
    "node_modules/csv-stringify": {
      "version": "6.4.5",
      "resolved": "https://registry.npmjs.org/csv-stringify/-/csv-stringify-6.4.5.tgz",
      "integrity": "sha512-SPu1Vnh8U5EnzpNOi1NDBL5jU5Rx7DVHr15DNg9LXDTAbQlAVAmEbVt16wZvEW9Fu9Qt4Ji8kmeCJ2B1+4rFTQ=="
    },
    "node_modules/stream-transform": {
      "version": "3.3.0",
      "resolved": "https://registry.npmjs.org/stream-transform/-/stream-transform-3.3.0.tgz",
      "integrity": "sha512-pG1NeDdmErNYKtvTpFayrEueAmL0xVU5wd22V7InGnatl4Ocq3HY7dcXIKj629kXvYQvglCC7CeDIGAlx1RNGA=="
    },
    "node_modules/wikibase-sdk": {
      "version": "9.2.4",
      "resolved": "https://registry.npmjs.org/wikibase-sdk/-/wikibase-sdk-9.2.4.tgz",
      "integrity": "sha512-zYfw+5aFbURIDz6xAIp9EObOAbBvSfAphxJVN7Jt5639W1zz7ApG2xUb9Boo+87jiJpoc3ZcIHn5VumYroLpJg==",
      "engines": {
        "node": ">= 12.0.0"
      }
    }
  }
}
